
Microsoft Visual Studio Solution File, Format Version 12.00
# Visual Studio Version 17
VisualStudioVersion = 17.3.32519.111
MinimumVisualStudioVersion = 10.0.40219.1
Project("{FAE04EC0-301F-11D3-BF4B-00C04F79EFBC}") = "Console_Bluetooth_serial_test", "Console_Bluetooth_serial_test\Console_Bluetooth_serial_test.csproj", "{FB83F233-CC55-4FC4-BADC-03757900B41C}"
EndProject
Global
	GlobalSection(SolutionConfigurationPlatforms) = preSolution
		Debug|Any CPU = Debug|Any CPU
		Release|Any CPU = Release|Any CPU
	EndGlobalSection
	GlobalSection(ProjectConfigurationPlatforms) = postSolution
		{FB83F233-CC55-4FC4-BADC-03757900B41C}.Debug|Any CPU.ActiveCfg = Debug|Any CPU
		{FB83F233-CC55-4FC4-BADC-03757900B41C}.Debug|Any CPU.Build.0 = Debug|Any CPU
		{FB83F233-CC55-4FC4-BADC-03757900B41C}.Release|Any CPU.ActiveCfg = Release|Any CPU
		{FB83F233-CC55-4FC4-BADC-03757900B41C}.Release|Any CPU.Build.0 = Release|Any CPU
	EndGlobalSection
	GlobalSection(SolutionProperties) = preSolution
		HideSolutionNode = FALSE
	EndGlobalSection
	GlobalSection(ExtensibilityGlobals) = postSolution
		SolutionGuid = {8E9C52F4-20BB-45E8-A311-32C43AB512A0}
	EndGlobalSection
EndGlobal
